
Microsoft Visual Studio Solution File, Format Version 12.00
# Visual Studio Version 16
VisualStudioVersion = 16.0.30406.217
MinimumVisualStudioVersion = 10.0.40219.1
Project("{FAE04EC0-301F-11D3-BF4B-00C04F79EFBC}") = "WinForms_HW_4", "WinForms_HW_4\WinForms_HW_4.csproj", "{5BD3117C-271F-4589-895C-7E9C5B72D513}"
EndProject
Global
	GlobalSection(SolutionConfigurationPlatforms) = preSolution
		Debug|Any CPU = Debug|Any CPU
		Release|Any CPU = Release|Any CPU
	EndGlobalSection
	GlobalSection(ProjectConfigurationPlatforms) = postSolution
		{5BD3117C-271F-4589-895C-7E9C5B72D513}.Debug|Any CPU.ActiveCfg = Debug|Any CPU
		{5BD3117C-271F-4589-895C-7E9C5B72D513}.Debug|Any CPU.Build.0 = Debug|Any CPU
		{5BD3117C-271F-4589-895C-7E9C5B72D513}.Release|Any CPU.ActiveCfg = Release|Any CPU
		{5BD3117C-271F-4589-895C-7E9C5B72D513}.Release|Any CPU.Build.0 = Release|Any CPU
	EndGlobalSection
	GlobalSection(SolutionProperties) = preSolution
		HideSolutionNode = FALSE
	EndGlobalSection
	GlobalSection(ExtensibilityGlobals) = postSolution
		SolutionGuid = {A7BDF8F0-3A1C-4A1B-B065-B9642EAFD08E}
	EndGlobalSection
EndGlobal
