
Microsoft Visual Studio Solution File, Format Version 12.00
# Visual Studio Version 16
VisualStudioVersion = 16.0.29324.140
MinimumVisualStudioVersion = 10.0.40219.1
Project("{FAE04EC0-301F-11D3-BF4B-00C04F79EFBC}") = "HW_WF_2_Array", "HW_WF_2_Array.csproj", "{C72DD669-46E4-4AC5-BA62-FFBCDF10FBB3}"
EndProject
Global
	GlobalSection(SolutionConfigurationPlatforms) = preSolution
		Debug|Any CPU = Debug|Any CPU
		Release|Any CPU = Release|Any CPU
	EndGlobalSection
	GlobalSection(ProjectConfigurationPlatforms) = postSolution
		{C72DD669-46E4-4AC5-BA62-FFBCDF10FBB3}.Debug|Any CPU.ActiveCfg = Debug|Any CPU
		{C72DD669-46E4-4AC5-BA62-FFBCDF10FBB3}.Debug|Any CPU.Build.0 = Debug|Any CPU
		{C72DD669-46E4-4AC5-BA62-FFBCDF10FBB3}.Release|Any CPU.ActiveCfg = Release|Any CPU
		{C72DD669-46E4-4AC5-BA62-FFBCDF10FBB3}.Release|Any CPU.Build.0 = Release|Any CPU
	EndGlobalSection
	GlobalSection(SolutionProperties) = preSolution
		HideSolutionNode = FALSE
	EndGlobalSection
	GlobalSection(ExtensibilityGlobals) = postSolution
		SolutionGuid = {3D9B197E-F83F-47F2-8FA0-52D587ABFECA}
	EndGlobalSection
EndGlobal
