
Microsoft Visual Studio Solution File, Format Version 12.00
# Visual Studio Version 16
VisualStudioVersion = 16.0.29324.140
MinimumVisualStudioVersion = 10.0.40219.1
Project("{FAE04EC0-301F-11D3-BF4B-00C04F79EFBC}") = "WindowsFormsApp_MultiplicationTable", "WindowsFormsApp_MultiplicationTable.csproj", "{C42168B1-ABEB-4DFE-BA32-076B11CBDEF7}"
EndProject
Project("{FAE04EC0-301F-11D3-BF4B-00C04F79EFBC}") = "Testing", "..\Testing\Testing.csproj", "{D45BEB05-5482-4171-BD98-C1D5C39B9383}"
EndProject
Global
	GlobalSection(SolutionConfigurationPlatforms) = preSolution
		Debug|Any CPU = Debug|Any CPU
		Release|Any CPU = Release|Any CPU
	EndGlobalSection
	GlobalSection(ProjectConfigurationPlatforms) = postSolution
		{C42168B1-ABEB-4DFE-BA32-076B11CBDEF7}.Debug|Any CPU.ActiveCfg = Debug|Any CPU
		{C42168B1-ABEB-4DFE-BA32-076B11CBDEF7}.Debug|Any CPU.Build.0 = Debug|Any CPU
		{C42168B1-ABEB-4DFE-BA32-076B11CBDEF7}.Release|Any CPU.ActiveCfg = Release|Any CPU
		{C42168B1-ABEB-4DFE-BA32-076B11CBDEF7}.Release|Any CPU.Build.0 = Release|Any CPU
		{D45BEB05-5482-4171-BD98-C1D5C39B9383}.Debug|Any CPU.ActiveCfg = Debug|Any CPU
		{D45BEB05-5482-4171-BD98-C1D5C39B9383}.Debug|Any CPU.Build.0 = Debug|Any CPU
		{D45BEB05-5482-4171-BD98-C1D5C39B9383}.Release|Any CPU.ActiveCfg = Release|Any CPU
		{D45BEB05-5482-4171-BD98-C1D5C39B9383}.Release|Any CPU.Build.0 = Release|Any CPU
	EndGlobalSection
	GlobalSection(SolutionProperties) = preSolution
		HideSolutionNode = FALSE
	EndGlobalSection
	GlobalSection(ExtensibilityGlobals) = postSolution
		SolutionGuid = {879BD594-2D27-460B-8829-F8E117453146}
	EndGlobalSection
EndGlobal
